github.com/google/go-containerregistry v0.20.5 h1:4RnlYcDs5hoA++CeFjlbZ/U9Yp1EuWr+UhhTyYQjOP0=
github.com/google/go-containerregistry v0.20.5/go.mod h1:Q14vdOOzug02bwnhMkZKD4e30pDaD9W65qzXpyzF49E=
github.com/google/go-containerregistry v0.22.1 h1:RZuuSYhTvlDvtsK+NkutoCZ//C0X2ebLK8X8l3ULs84=
github.com/google/go-containerregistry v0.22.1/go.mod h1:bJR35SK8XgisYmhg/FMQ/5RK0S/XrOAqLBV5/LR2XE0=
github.com/opencontainers/go-digest v1.0.0 h1:apOUWs51W5PlhuyGyz9FCeeBIOUDA/6nW8Oi/yOhh5U=
github.com/opencontainers/go-digest v1.0.0/go.mod h1:0JzlMkj0TRzQZfJkVvzbP0HBR3IKzErnv2BNG4W4MAM=
